{
  "version": 4,
  "terraform_version": "0.13.2",
  "serial": 613,
  "lineage": "3600847a-db8f-9da0-5fdf-c30fd61a1271",
  "outputs": {},
  "resources": [
    {
      "mode": "managed",
      "type": "aws_eip",
      "name": "KCS-AWS-TF01",
      "provider": "provider[\"registry.terraform.io/hashicorp/aws\"]",
      "instances": [
        {
          "schema_version": 0,
          "attributes": {
            "allocation_id": null,
            "associate_with_private_ip": null,
            "association_id": "eipassoc-0f448ba2659bc3b2f",
            "customer_owned_ip": "",
            "customer_owned_ipv4_pool": "",
            "domain": "vpc",
            "id": "eipalloc-07caa26bbb505d2ef",
            "instance": "i-04433b0b949e1b400",
            "network_interface": "eni-07e7ccba1d891acf3",
            "private_dns": "ip-10-0-64-68.us-east-2.compute.internal",
            "private_ip": "10.0.64.68",
            "public_dns": "ec2-3-22-62-197.us-east-2.compute.amazonaws.com",
            "public_ip": "3.22.62.197",
            "public_ipv4_pool": "amazon",
            "tags": {
              "Name": "KCS-AWS-TF-IP01"
            },
            "timeouts": null,
            "vpc": true
          },
          "private": "eyJlMmJmYjczMC1lY2FhLTExZTYtOGY4OC0zNDM2M2JjN2M0YzAiOnsiZGVsZXRlIjoxODAwMDAwMDAwMDAsInJlYWQiOjkwMDAwMDAwMDAwMCwidXBkYXRlIjozMDAwMDAwMDAwMDB9fQ==",
          "dependencies": [
            "aws_instance.KCS-AWS-TF01",
            "aws_internet_gateway.KCS-AWS-TF",
            "aws_subnet.KCS-AWS-TF",
            "aws_vpc.KCS-AWS-TF"
          ]
        }
      ]
    },
    {
      "mode": "managed",
      "type": "aws_eip",
      "name": "KCS-AWS-TF02",
      "provider": "provider[\"registry.terraform.io/hashicorp/aws\"]",
      "instances": [
        {
          "schema_version": 0,
          "attributes": {
            "allocation_id": null,
            "associate_with_private_ip": null,
            "association_id": "eipassoc-0cca0e2016c18066d",
            "customer_owned_ip": "",
            "customer_owned_ipv4_pool": "",
            "domain": "vpc",
            "id": "eipalloc-07aa9674d794d5137",
            "instance": "i-0a366df3fe19a37fa",
            "network_interface": "eni-04a8c0a409ff17d67",
            "private_dns": "ip-10-0-113-73.us-east-2.compute.internal",
            "private_ip": "10.0.113.73",
            "public_dns": "ec2-3-131-27-206.us-east-2.compute.amazonaws.com",
            "public_ip": "3.131.27.206",
            "public_ipv4_pool": "amazon",
            "tags": {
              "Name": "KCS-AWS-TF-IP02"
            },
            "timeouts": null,
            "vpc": true
          },
          "private": "eyJlMmJmYjczMC1lY2FhLTExZTYtOGY4OC0zNDM2M2JjN2M0YzAiOnsiZGVsZXRlIjoxODAwMDAwMDAwMDAsInJlYWQiOjkwMDAwMDAwMDAwMCwidXBkYXRlIjozMDAwMDAwMDAwMDB9fQ==",
          "dependencies": [
            "aws_instance.KCS-AWS-TF02",
            "aws_internet_gateway.KCS-AWS-TF",
            "aws_subnet.KCS-AWS-TF",
            "aws_vpc.KCS-AWS-TF"
          ]
        }
      ]
    },
    {
      "mode": "managed",
      "type": "aws_instance",
      "name": "KCS-AWS-TF01",
      "provider": "provider[\"registry.terraform.io/hashicorp/aws\"]",
      "instances": [
        {
          "schema_version": 1,
          "attributes": {
            "ami": "ami-0010d386b82bc06f0",
            "arn": "arn:aws:ec2:us-east-2:939607572184:instance/i-04433b0b949e1b400",
            "associate_public_ip_address": true,
            "availability_zone": "us-east-2a",
            "cpu_core_count": 1,
            "cpu_threads_per_core": 1,
            "credit_specification": [
              {
                "cpu_credits": "standard"
              }
            ],
            "disable_api_termination": false,
            "ebs_block_device": [],
            "ebs_optimized": false,
            "ephemeral_block_device": [],
            "get_password_data": false,
            "hibernation": false,
            "host_id": null,
            "iam_instance_profile": "",
            "id": "i-04433b0b949e1b400",
            "instance_initiated_shutdown_behavior": null,
            "instance_state": "running",
            "instance_type": "t2.nano",
            "ipv6_address_count": 0,
            "ipv6_addresses": [],
            "key_name": "KCS-AWS-TF-KeyPair",
            "metadata_options": [
              {
                "http_endpoint": "enabled",
                "http_put_response_hop_limit": 1,
                "http_tokens": "optional"
              }
            ],
            "monitoring": false,
            "network_interface": [],
            "outpost_arn": "",
            "password_data": "",
            "placement_group": "",
            "primary_network_interface_id": "eni-07e7ccba1d891acf3",
            "private_dns": "ip-10-0-64-68.us-east-2.compute.internal",
            "private_ip": "10.0.64.68",
            "public_dns": "ec2-3-22-62-197.us-east-2.compute.amazonaws.com",
            "public_ip": "3.22.62.197",
            "root_block_device": [
              {
                "delete_on_termination": true,
                "device_name": "/dev/sda1",
                "encrypted": false,
                "iops": 100,
                "kms_key_id": "",
                "volume_id": "vol-0c0472113961cd06f",
                "volume_size": 8,
                "volume_type": "gp2"
              }
            ],
            "secondary_private_ips": [],
            "security_groups": [],
            "source_dest_check": true,
            "subnet_id": "subnet-0f8a7a7ac900fa3d4",
            "tags": {
              "Name": "KCS-AWS-TF01"
            },
            "tenancy": "default",
            "timeouts": null,
            "user_data": null,
            "user_data_base64": null,
            "volume_tags": {},
            "vpc_security_group_ids": [
              "sg-025b0fe72bb868ff3"
            ]
          },
          "private": "eyJlMmJmYjczMC1lY2FhLTExZTYtOGY4OC0zNDM2M2JjN2M0YzAiOnsiY3JlYXRlIjo2MDAwMDAwMDAwMDAsImRlbGV0ZSI6MTIwMDAwMDAwMDAwMCwidXBkYXRlIjo2MDAwMDAwMDAwMDB9LCJzY2hlbWFfdmVyc2lvbiI6IjEifQ==",
          "dependencies": [
            "aws_security_group.KCS-AWS-TF-SG",
            "aws_subnet.KCS-AWS-TF"
          ]
        }
      ]
    },
    {
      "mode": "managed",
      "type": "aws_instance",
      "name": "KCS-AWS-TF02",
      "provider": "provider[\"registry.terraform.io/hashicorp/aws\"]",
      "instances": [
        {
          "schema_version": 1,
          "attributes": {
            "ami": "ami-0010d386b82bc06f0",
            "arn": "arn:aws:ec2:us-east-2:939607572184:instance/i-0a366df3fe19a37fa",
            "associate_public_ip_address": true,
            "availability_zone": "us-east-2a",
            "cpu_core_count": 1,
            "cpu_threads_per_core": 1,
            "credit_specification": [
              {
                "cpu_credits": "standard"
              }
            ],
            "disable_api_termination": false,
            "ebs_block_device": [],
            "ebs_optimized": false,
            "ephemeral_block_device": [],
            "get_password_data": false,
            "hibernation": false,
            "host_id": null,
            "iam_instance_profile": "",
            "id": "i-0a366df3fe19a37fa",
            "instance_initiated_shutdown_behavior": null,
            "instance_state": "running",
            "instance_type": "t2.nano",
            "ipv6_address_count": 0,
            "ipv6_addresses": [],
            "key_name": "KCS-AWS-TF-KeyPair",
            "metadata_options": [
              {
                "http_endpoint": "enabled",
                "http_put_response_hop_limit": 1,
                "http_tokens": "optional"
              }
            ],
            "monitoring": false,
            "network_interface": [],
            "outpost_arn": "",
            "password_data": "",
            "placement_group": "",
            "primary_network_interface_id": "eni-04a8c0a409ff17d67",
            "private_dns": "ip-10-0-113-73.us-east-2.compute.internal",
            "private_ip": "10.0.113.73",
            "public_dns": "ec2-3-131-27-206.us-east-2.compute.amazonaws.com",
            "public_ip": "3.131.27.206",
            "root_block_device": [
              {
                "delete_on_termination": true,
                "device_name": "/dev/sda1",
                "encrypted": false,
                "iops": 100,
                "kms_key_id": "",
                "volume_id": "vol-02479664a978d84be",
                "volume_size": 8,
                "volume_type": "gp2"
              }
            ],
            "secondary_private_ips": [],
            "security_groups": [],
            "source_dest_check": true,
            "subnet_id": "subnet-0f8a7a7ac900fa3d4",
            "tags": {
              "Name": "KCS-AWS-TF02"
            },
            "tenancy": "default",
            "timeouts": null,
            "user_data": null,
            "user_data_base64": null,
            "volume_tags": {},
            "vpc_security_group_ids": [
              "sg-025b0fe72bb868ff3"
            ]
          },
          "private": "eyJlMmJmYjczMC1lY2FhLTExZTYtOGY4OC0zNDM2M2JjN2M0YzAiOnsiY3JlYXRlIjo2MDAwMDAwMDAwMDAsImRlbGV0ZSI6MTIwMDAwMDAwMDAwMCwidXBkYXRlIjo2MDAwMDAwMDAwMDB9LCJzY2hlbWFfdmVyc2lvbiI6IjEifQ==",
          "dependencies": [
            "aws_security_group.KCS-AWS-TF-SG",
            "aws_subnet.KCS-AWS-TF"
          ]
        }
      ]
    },
    {
      "mode": "managed",
      "type": "aws_internet_gateway",
      "name": "KCS-AWS-TF",
      "provider": "provider[\"registry.terraform.io/hashicorp/aws\"]",
      "instances": [
        {
          "schema_version": 0,
          "attributes": {
            "arn": "arn:aws:ec2:us-east-2:939607572184:internet-gateway/igw-078a61a3c20f558ef",
            "id": "igw-078a61a3c20f558ef",
            "owner_id": "939607572184",
            "tags": {
              "Name": "KCS-AWS-TF"
            },
            "vpc_id": "vpc-029bf459e724ec008"
          },
          "private": "bnVsbA==",
          "dependencies": [
            "aws_vpc.KCS-AWS-TF"
          ]
        }
      ]
    },
    {
      "mode": "managed",
      "type": "aws_route_table",
      "name": "KCS-AWS-TF",
      "provider": "provider[\"registry.terraform.io/hashicorp/aws\"]",
      "instances": [
        {
          "schema_version": 0,
          "attributes": {
            "id": "rtb-0b43d3f80ecc9bbc6",
            "owner_id": "939607572184",
            "propagating_vgws": [],
            "route": [
              {
                "cidr_block": "0.0.0.0/0",
                "egress_only_gateway_id": "",
                "gateway_id": "igw-078a61a3c20f558ef",
                "instance_id": "",
                "ipv6_cidr_block": "",
                "local_gateway_id": "",
                "nat_gateway_id": "",
                "network_interface_id": "",
                "transit_gateway_id": "",
                "vpc_peering_connection_id": ""
              }
            ],
            "tags": {
              "Name": "KCS-AWS-TF"
            },
            "vpc_id": "vpc-029bf459e724ec008"
          },
          "private": "bnVsbA==",
          "dependencies": [
            "aws_internet_gateway.KCS-AWS-TF",
            "aws_vpc.KCS-AWS-TF"
          ]
        }
      ]
    },
    {
      "mode": "managed",
      "type": "aws_route_table_association",
      "name": "subnet-association",
      "provider": "provider[\"registry.terraform.io/hashicorp/aws\"]",
      "instances": [
        {
          "schema_version": 0,
          "attributes": {
            "gateway_id": null,
            "id": "rtbassoc-053bce0e181aadef4",
            "route_table_id": "rtb-0b43d3f80ecc9bbc6",
            "subnet_id": "subnet-0f8a7a7ac900fa3d4"
          },
          "private": "bnVsbA==",
          "dependencies": [
            "aws_internet_gateway.KCS-AWS-TF",
            "aws_route_table.KCS-AWS-TF",
            "aws_subnet.KCS-AWS-TF",
            "aws_vpc.KCS-AWS-TF"
          ]
        }
      ]
    },
    {
      "mode": "managed",
      "type": "aws_security_group",
      "name": "KCS-AWS-TF-SG",
      "provider": "provider[\"registry.terraform.io/hashicorp/aws\"]",
      "instances": [
        {
          "schema_version": 1,
          "attributes": {
            "arn": "arn:aws:ec2:us-east-2:939607572184:security-group/sg-025b0fe72bb868ff3",
            "description": "Allow TLS inbound traffic",
            "egress": [
              {
                "cidr_blocks": [
                  "0.0.0.0/0"
                ],
                "description": "",
                "from_port": 0,
                "ipv6_cidr_blocks": [],
                "prefix_list_ids": [],
                "protocol": "-1",
                "security_groups": [],
                "self": false,
                "to_port": 0
              }
            ],
            "id": "sg-025b0fe72bb868ff3",
            "ingress": [
              {
                "cidr_blocks": [
                  "0.0.0.0/0"
                ],
                "description": "TLS from VPC",
                "from_port": 22,
                "ipv6_cidr_blocks": [],
                "prefix_list_ids": [],
                "protocol": "tcp",
                "security_groups": [],
                "self": false,
                "to_port": 22
              }
            ],
            "name": "KCS-AWS-TF-SG",
            "name_prefix": "",
            "owner_id": "939607572184",
            "revoke_rules_on_delete": false,
            "tags": {
              "Name": "KCS-AWS-TF-SG"
            },
            "timeouts": null,
            "vpc_id": "vpc-029bf459e724ec008"
          },
          "private": "eyJlMmJmYjczMC1lY2FhLTExZTYtOGY4OC0zNDM2M2JjN2M0YzAiOnsiY3JlYXRlIjo2MDAwMDAwMDAwMDAsImRlbGV0ZSI6NjAwMDAwMDAwMDAwfSwic2NoZW1hX3ZlcnNpb24iOiIxIn0=",
          "dependencies": [
            "aws_vpc.KCS-AWS-TF"
          ]
        }
      ]
    },
    {
      "mode": "managed",
      "type": "aws_subnet",
      "name": "KCS-AWS-TF",
      "provider": "provider[\"registry.terraform.io/hashicorp/aws\"]",
      "instances": [
        {
          "schema_version": 1,
          "attributes": {
            "arn": "arn:aws:ec2:us-east-2:939607572184:subnet/subnet-0f8a7a7ac900fa3d4",
            "assign_ipv6_address_on_creation": false,
            "availability_zone": "us-east-2a",
            "availability_zone_id": "use2-az1",
            "cidr_block": "10.0.0.0/16",
            "id": "subnet-0f8a7a7ac900fa3d4",
            "ipv6_cidr_block": "",
            "ipv6_cidr_block_association_id": "",
            "map_public_ip_on_launch": true,
            "outpost_arn": "",
            "owner_id": "939607572184",
            "tags": {
              "Name": "KCS-AWS-TF"
            },
            "timeouts": null,
            "vpc_id": "vpc-029bf459e724ec008"
          },
          "private": "eyJlMmJmYjczMC1lY2FhLTExZTYtOGY4OC0zNDM2M2JjN2M0YzAiOnsiY3JlYXRlIjo2MDAwMDAwMDAwMDAsImRlbGV0ZSI6MTIwMDAwMDAwMDAwMH0sInNjaGVtYV92ZXJzaW9uIjoiMSJ9",
          "dependencies": [
            "aws_internet_gateway.KCS-AWS-TF",
            "aws_vpc.KCS-AWS-TF"
          ]
        }
      ]
    },
    {
      "mode": "managed",
      "type": "aws_vpc",
      "name": "KCS-AWS-TF",
      "provider": "provider[\"registry.terraform.io/hashicorp/aws\"]",
      "instances": [
        {
          "schema_version": 1,
          "attributes": {
            "arn": "arn:aws:ec2:us-east-2:939607572184:vpc/vpc-029bf459e724ec008",
            "assign_generated_ipv6_cidr_block": false,
            "cidr_block": "10.0.0.0/16",
            "default_network_acl_id": "acl-08305dd44e2868754",
            "default_route_table_id": "rtb-0d75e70da4350f250",
            "default_security_group_id": "sg-0250d4f9b6996d7e1",
            "dhcp_options_id": "dopt-0fb94b66",
            "enable_classiclink": null,
            "enable_classiclink_dns_support": null,
            "enable_dns_hostnames": true,
            "enable_dns_support": true,
            "id": "vpc-029bf459e724ec008",
            "instance_tenancy": "default",
            "ipv6_association_id": "",
            "ipv6_cidr_block": "",
            "main_route_table_id": "rtb-0d75e70da4350f250",
            "owner_id": "939607572184",
            "tags": {
              "Name": "KCS-AWS-TF"
            }
          },
          "private": "eyJzY2hlbWFfdmVyc2lvbiI6IjEifQ=="
        }
      ]
    }
  ]
}
