{
  "version": 4,
  "terraform_version": "0.13.2",
  "serial": 714,
  "lineage": "3600847a-db8f-9da0-5fdf-c30fd61a1271",
  "outputs": {},
  "resources": [
    {
      "mode": "managed",
      "type": "aws_eip",
      "name": "KCS-AWS-TF01",
      "provider": "provider[\"registry.terraform.io/hashicorp/aws\"]",
      "instances": [
        {
          "schema_version": 0,
          "attributes": {
            "allocation_id": null,
            "associate_with_private_ip": null,
            "association_id": "eipassoc-0057bb0d193f28d6b",
            "customer_owned_ip": "",
            "customer_owned_ipv4_pool": "",
            "domain": "vpc",
            "id": "eipalloc-02368cc92bad3d8c3",
            "instance": "i-0b3563f8f0b5b0c6e",
            "network_interface": "eni-005adf63300b4760a",
            "private_dns": "ip-10-0-45-20.us-east-2.compute.internal",
            "private_ip": "10.0.45.20",
            "public_dns": "ec2-3-136-170-112.us-east-2.compute.amazonaws.com",
            "public_ip": "3.136.170.112",
            "public_ipv4_pool": "amazon",
            "tags": {
              "Name": "KCS-AWS-TF-IP01"
            },
            "timeouts": null,
            "vpc": true
          },
          "private": "eyJlMmJmYjczMC1lY2FhLTExZTYtOGY4OC0zNDM2M2JjN2M0YzAiOnsiZGVsZXRlIjoxODAwMDAwMDAwMDAsInJlYWQiOjkwMDAwMDAwMDAwMCwidXBkYXRlIjozMDAwMDAwMDAwMDB9fQ==",
          "dependencies": [
            "aws_instance.KCS-AWS-TF01",
            "aws_internet_gateway.KCS-AWS-TF",
            "aws_security_group.KCS-AWS-TF-SG",
            "aws_subnet.KCS-AWS-TF",
            "aws_vpc.KCS-AWS-TF"
          ]
        }
      ]
    },
    {
      "mode": "managed",
      "type": "aws_eip",
      "name": "KCS-AWS-TF02",
      "provider": "provider[\"registry.terraform.io/hashicorp/aws\"]",
      "instances": [
        {
          "schema_version": 0,
          "attributes": {
            "allocation_id": null,
            "associate_with_private_ip": null,
            "association_id": "eipassoc-0bcf54b657b04924c",
            "customer_owned_ip": "",
            "customer_owned_ipv4_pool": "",
            "domain": "vpc",
            "id": "eipalloc-0281401903392fc88",
            "instance": "i-0d73df5ae463df193",
            "network_interface": "eni-0655e358bb2fbf022",
            "private_dns": "ip-10-0-5-244.us-east-2.compute.internal",
            "private_ip": "10.0.5.244",
            "public_dns": "ec2-3-137-130-138.us-east-2.compute.amazonaws.com",
            "public_ip": "3.137.130.138",
            "public_ipv4_pool": "amazon",
            "tags": {
              "Name": "KCS-AWS-TF-IP02"
            },
            "timeouts": null,
            "vpc": true
          },
          "private": "eyJlMmJmYjczMC1lY2FhLTExZTYtOGY4OC0zNDM2M2JjN2M0YzAiOnsiZGVsZXRlIjoxODAwMDAwMDAwMDAsInJlYWQiOjkwMDAwMDAwMDAwMCwidXBkYXRlIjozMDAwMDAwMDAwMDB9fQ==",
          "dependencies": [
            "aws_instance.KCS-AWS-TF02",
            "aws_internet_gateway.KCS-AWS-TF",
            "aws_security_group.KCS-AWS-TF-SG",
            "aws_subnet.KCS-AWS-TF",
            "aws_vpc.KCS-AWS-TF"
          ]
        }
      ]
    },
    {
      "mode": "managed",
      "type": "aws_instance",
      "name": "KCS-AWS-TF01",
      "provider": "provider[\"registry.terraform.io/hashicorp/aws\"]",
      "instances": [
        {
          "schema_version": 1,
          "attributes": {
            "ami": "ami-0010d386b82bc06f0",
            "arn": "arn:aws:ec2:us-east-2:939607572184:instance/i-0b3563f8f0b5b0c6e",
            "associate_public_ip_address": true,
            "availability_zone": "us-east-2c",
            "cpu_core_count": 1,
            "cpu_threads_per_core": 1,
            "credit_specification": [
              {
                "cpu_credits": "standard"
              }
            ],
            "disable_api_termination": false,
            "ebs_block_device": [],
            "ebs_optimized": false,
            "ephemeral_block_device": [],
            "get_password_data": false,
            "hibernation": false,
            "host_id": null,
            "iam_instance_profile": "",
            "id": "i-0b3563f8f0b5b0c6e",
            "instance_initiated_shutdown_behavior": null,
            "instance_state": "running",
            "instance_type": "t2.nano",
            "ipv6_address_count": 0,
            "ipv6_addresses": [],
            "key_name": "KCS-AWS-TF-KeyPair",
            "metadata_options": [
              {
                "http_endpoint": "enabled",
                "http_put_response_hop_limit": 1,
                "http_tokens": "optional"
              }
            ],
            "monitoring": false,
            "network_interface": [],
            "outpost_arn": "",
            "password_data": "",
            "placement_group": "",
            "primary_network_interface_id": "eni-005adf63300b4760a",
            "private_dns": "ip-10-0-45-20.us-east-2.compute.internal",
            "private_ip": "10.0.45.20",
            "public_dns": "ec2-18-191-187-225.us-east-2.compute.amazonaws.com",
            "public_ip": "18.191.187.225",
            "root_block_device": [
              {
                "delete_on_termination": true,
                "device_name": "/dev/sda1",
                "encrypted": false,
                "iops": 100,
                "kms_key_id": "",
                "volume_id": "vol-066d38436198d8d83",
                "volume_size": 8,
                "volume_type": "gp2"
              }
            ],
            "secondary_private_ips": [],
            "security_groups": [],
            "source_dest_check": true,
            "subnet_id": "subnet-0fea030e87d2d56ef",
            "tags": {
              "Name": "KCS-AWS-TF01"
            },
            "tenancy": "default",
            "timeouts": null,
            "user_data": null,
            "user_data_base64": null,
            "volume_tags": {},
            "vpc_security_group_ids": [
              "sg-0554a50b53c784e4a"
            ]
          },
          "private": "eyJlMmJmYjczMC1lY2FhLTExZTYtOGY4OC0zNDM2M2JjN2M0YzAiOnsiY3JlYXRlIjo2MDAwMDAwMDAwMDAsImRlbGV0ZSI6MTIwMDAwMDAwMDAwMCwidXBkYXRlIjo2MDAwMDAwMDAwMDB9LCJzY2hlbWFfdmVyc2lvbiI6IjEifQ==",
          "dependencies": [
            "aws_internet_gateway.KCS-AWS-TF",
            "aws_security_group.KCS-AWS-TF-SG",
            "aws_subnet.KCS-AWS-TF",
            "aws_vpc.KCS-AWS-TF"
          ]
        }
      ]
    },
    {
      "mode": "managed",
      "type": "aws_instance",
      "name": "KCS-AWS-TF02",
      "provider": "provider[\"registry.terraform.io/hashicorp/aws\"]",
      "instances": [
        {
          "schema_version": 1,
          "attributes": {
            "ami": "ami-0010d386b82bc06f0",
            "arn": "arn:aws:ec2:us-east-2:939607572184:instance/i-0d73df5ae463df193",
            "associate_public_ip_address": true,
            "availability_zone": "us-east-2c",
            "cpu_core_count": 1,
            "cpu_threads_per_core": 1,
            "credit_specification": [
              {
                "cpu_credits": "standard"
              }
            ],
            "disable_api_termination": false,
            "ebs_block_device": [],
            "ebs_optimized": false,
            "ephemeral_block_device": [],
            "get_password_data": false,
            "hibernation": false,
            "host_id": null,
            "iam_instance_profile": "",
            "id": "i-0d73df5ae463df193",
            "instance_initiated_shutdown_behavior": null,
            "instance_state": "running",
            "instance_type": "t2.nano",
            "ipv6_address_count": 0,
            "ipv6_addresses": [],
            "key_name": "KCS-AWS-TF-KeyPair",
            "metadata_options": [
              {
                "http_endpoint": "enabled",
                "http_put_response_hop_limit": 1,
                "http_tokens": "optional"
              }
            ],
            "monitoring": false,
            "network_interface": [],
            "outpost_arn": "",
            "password_data": "",
            "placement_group": "",
            "primary_network_interface_id": "eni-0655e358bb2fbf022",
            "private_dns": "ip-10-0-5-244.us-east-2.compute.internal",
            "private_ip": "10.0.5.244",
            "public_dns": "ec2-3-134-98-225.us-east-2.compute.amazonaws.com",
            "public_ip": "3.134.98.225",
            "root_block_device": [
              {
                "delete_on_termination": true,
                "device_name": "/dev/sda1",
                "encrypted": false,
                "iops": 100,
                "kms_key_id": "",
                "volume_id": "vol-0ff6d69a8b3f7a2d6",
                "volume_size": 8,
                "volume_type": "gp2"
              }
            ],
            "secondary_private_ips": [],
            "security_groups": [],
            "source_dest_check": true,
            "subnet_id": "subnet-0fea030e87d2d56ef",
            "tags": {
              "Name": "KCS-AWS-TF02"
            },
            "tenancy": "default",
            "timeouts": null,
            "user_data": null,
            "user_data_base64": null,
            "volume_tags": {},
            "vpc_security_group_ids": [
              "sg-0554a50b53c784e4a"
            ]
          },
          "private": "eyJlMmJmYjczMC1lY2FhLTExZTYtOGY4OC0zNDM2M2JjN2M0YzAiOnsiY3JlYXRlIjo2MDAwMDAwMDAwMDAsImRlbGV0ZSI6MTIwMDAwMDAwMDAwMCwidXBkYXRlIjo2MDAwMDAwMDAwMDB9LCJzY2hlbWFfdmVyc2lvbiI6IjEifQ==",
          "dependencies": [
            "aws_internet_gateway.KCS-AWS-TF",
            "aws_security_group.KCS-AWS-TF-SG",
            "aws_subnet.KCS-AWS-TF",
            "aws_vpc.KCS-AWS-TF"
          ]
        }
      ]
    },
    {
      "mode": "managed",
      "type": "aws_internet_gateway",
      "name": "KCS-AWS-TF",
      "provider": "provider[\"registry.terraform.io/hashicorp/aws\"]",
      "instances": [
        {
          "schema_version": 0,
          "attributes": {
            "arn": "arn:aws:ec2:us-east-2:939607572184:internet-gateway/igw-0868cebc4bed4b83b",
            "id": "igw-0868cebc4bed4b83b",
            "owner_id": "939607572184",
            "tags": {
              "Name": "KCS-AWS-TF"
            },
            "vpc_id": "vpc-0da907dd30b822e12"
          },
          "private": "bnVsbA==",
          "dependencies": [
            "aws_vpc.KCS-AWS-TF"
          ]
        }
      ]
    },
    {
      "mode": "managed",
      "type": "aws_key_pair",
      "name": "KCS-AWS-TF-KeyPair",
      "provider": "provider[\"registry.terraform.io/hashicorp/aws\"]",
      "instances": [
        {
          "schema_version": 1,
          "attributes": {
            "arn": "arn:aws:ec2:us-east-2:939607572184:key-pair/KCS-AWS-TF-KeyPair",
            "fingerprint": "98:eb:53:d5:e2:35:5a:79:50:70:96:cc:c8:1c:2a:c6",
            "id": "KCS-AWS-TF-KeyPair",
            "key_name": "KCS-AWS-TF-KeyPair",
            "key_name_prefix": null,
            "key_pair_id": "key-01c72349680d2ecf3",
            "public_key": "ssh-rsa AAAAB3NzaC1yc2EAAAADAQABAAABAQDcc5N7Yt8RcEbzWQTPb/lCeMJfL4u/Iq04fKbmFergZGLMbjIIhLMhhPNMN13TmQ7ChXjrqpmeFPRYuUl4WhmdgcGfL+MRvyoG+lEoKKa1LqHCzUEogNqpAYgLwy36OT0ebu41a5JyvKsJTupWx3mHtClzn5uFBJ2v0dVHNqIpushrWN0DX/yHjJUNf6zAldmk6JZ8eKS6RTOZi+7brJ19wQ7ojgraD2rQbU8eUD6g5w+nT3vn655/v/eNV288GqdV3XZ6K9R2eFDtMe+2mb0NjJETnlcuJmWKP13tMTrjYV5RtWXOoK+Y2Wmw21JKLKDhKnPGP8fpngUOQ2qfiVPX ubuntu@DESKTOP-4RFREOA",
            "tags": null
          },
          "private": "eyJzY2hlbWFfdmVyc2lvbiI6IjEifQ=="
        }
      ]
    },
    {
      "mode": "managed",
      "type": "aws_route_table",
      "name": "KCS-AWS-TF",
      "provider": "provider[\"registry.terraform.io/hashicorp/aws\"]",
      "instances": [
        {
          "schema_version": 0,
          "attributes": {
            "id": "rtb-02c6bf810b21234e3",
            "owner_id": "939607572184",
            "propagating_vgws": [],
            "route": [
              {
                "cidr_block": "0.0.0.0/0",
                "egress_only_gateway_id": "",
                "gateway_id": "igw-0868cebc4bed4b83b",
                "instance_id": "",
                "ipv6_cidr_block": "",
                "local_gateway_id": "",
                "nat_gateway_id": "",
                "network_interface_id": "",
                "transit_gateway_id": "",
                "vpc_peering_connection_id": ""
              }
            ],
            "tags": {
              "Name": "KCS-AWS-TF"
            },
            "vpc_id": "vpc-0da907dd30b822e12"
          },
          "private": "bnVsbA==",
          "dependencies": [
            "aws_internet_gateway.KCS-AWS-TF",
            "aws_vpc.KCS-AWS-TF"
          ]
        }
      ]
    },
    {
      "mode": "managed",
      "type": "aws_route_table_association",
      "name": "subnet-association",
      "provider": "provider[\"registry.terraform.io/hashicorp/aws\"]",
      "instances": [
        {
          "schema_version": 0,
          "attributes": {
            "gateway_id": null,
            "id": "rtbassoc-061c6db083288fdd0",
            "route_table_id": "rtb-02c6bf810b21234e3",
            "subnet_id": "subnet-0fea030e87d2d56ef"
          },
          "private": "bnVsbA==",
          "dependencies": [
            "aws_internet_gateway.KCS-AWS-TF",
            "aws_route_table.KCS-AWS-TF",
            "aws_subnet.KCS-AWS-TF",
            "aws_vpc.KCS-AWS-TF"
          ]
        }
      ]
    },
    {
      "mode": "managed",
      "type": "aws_security_group",
      "name": "KCS-AWS-TF-SG",
      "provider": "provider[\"registry.terraform.io/hashicorp/aws\"]",
      "instances": [
        {
          "schema_version": 1,
          "attributes": {
            "arn": "arn:aws:ec2:us-east-2:939607572184:security-group/sg-0554a50b53c784e4a",
            "description": "Allow TLS inbound traffic",
            "egress": [
              {
                "cidr_blocks": [
                  "0.0.0.0/0"
                ],
                "description": "",
                "from_port": 0,
                "ipv6_cidr_blocks": [],
                "prefix_list_ids": [],
                "protocol": "-1",
                "security_groups": [],
                "self": false,
                "to_port": 0
              }
            ],
            "id": "sg-0554a50b53c784e4a",
            "ingress": [
              {
                "cidr_blocks": [
                  "0.0.0.0/0"
                ],
                "description": "TLS from VPC",
                "from_port": 22,
                "ipv6_cidr_blocks": [],
                "prefix_list_ids": [],
                "protocol": "tcp",
                "security_groups": [],
                "self": false,
                "to_port": 22
              }
            ],
            "name": "KCS-AWS-TF-SG",
            "name_prefix": "",
            "owner_id": "939607572184",
            "revoke_rules_on_delete": false,
            "tags": {
              "Name": "KCS-AWS-TF-SG"
            },
            "timeouts": null,
            "vpc_id": "vpc-0da907dd30b822e12"
          },
          "private": "eyJlMmJmYjczMC1lY2FhLTExZTYtOGY4OC0zNDM2M2JjN2M0YzAiOnsiY3JlYXRlIjo2MDAwMDAwMDAwMDAsImRlbGV0ZSI6NjAwMDAwMDAwMDAwfSwic2NoZW1hX3ZlcnNpb24iOiIxIn0=",
          "dependencies": [
            "aws_vpc.KCS-AWS-TF"
          ]
        }
      ]
    },
    {
      "mode": "managed",
      "type": "aws_subnet",
      "name": "KCS-AWS-TF",
      "provider": "provider[\"registry.terraform.io/hashicorp/aws\"]",
      "instances": [
        {
          "schema_version": 1,
          "attributes": {
            "arn": "arn:aws:ec2:us-east-2:939607572184:subnet/subnet-0fea030e87d2d56ef",
            "assign_ipv6_address_on_creation": false,
            "availability_zone": "us-east-2c",
            "availability_zone_id": "use2-az3",
            "cidr_block": "10.0.0.0/16",
            "id": "subnet-0fea030e87d2d56ef",
            "ipv6_cidr_block": "",
            "ipv6_cidr_block_association_id": "",
            "map_public_ip_on_launch": true,
            "outpost_arn": "",
            "owner_id": "939607572184",
            "tags": {
              "Name": "KCS-AWS-TF"
            },
            "timeouts": null,
            "vpc_id": "vpc-0da907dd30b822e12"
          },
          "private": "eyJlMmJmYjczMC1lY2FhLTExZTYtOGY4OC0zNDM2M2JjN2M0YzAiOnsiY3JlYXRlIjo2MDAwMDAwMDAwMDAsImRlbGV0ZSI6MTIwMDAwMDAwMDAwMH0sInNjaGVtYV92ZXJzaW9uIjoiMSJ9",
          "dependencies": [
            "aws_internet_gateway.KCS-AWS-TF",
            "aws_vpc.KCS-AWS-TF"
          ]
        }
      ]
    },
    {
      "mode": "managed",
      "type": "aws_vpc",
      "name": "KCS-AWS-TF",
      "provider": "provider[\"registry.terraform.io/hashicorp/aws\"]",
      "instances": [
        {
          "schema_version": 1,
          "attributes": {
            "arn": "arn:aws:ec2:us-east-2:939607572184:vpc/vpc-0da907dd30b822e12",
            "assign_generated_ipv6_cidr_block": false,
            "cidr_block": "10.0.0.0/16",
            "default_network_acl_id": "acl-093d8282f95d15d4a",
            "default_route_table_id": "rtb-01e4837f090bd3cc7",
            "default_security_group_id": "sg-09cbb5e26e12ef03a",
            "dhcp_options_id": "dopt-0fb94b66",
            "enable_classiclink": null,
            "enable_classiclink_dns_support": null,
            "enable_dns_hostnames": true,
            "enable_dns_support": true,
            "id": "vpc-0da907dd30b822e12",
            "instance_tenancy": "default",
            "ipv6_association_id": "",
            "ipv6_cidr_block": "",
            "main_route_table_id": "rtb-01e4837f090bd3cc7",
            "owner_id": "939607572184",
            "tags": {
              "Name": "KCS-AWS-TF"
            }
          },
          "private": "eyJzY2hlbWFfdmVyc2lvbiI6IjEifQ=="
        }
      ]
    }
  ]
}
