{
  "version": 4,
  "terraform_version": "0.13.2",
  "serial": 690,
  "lineage": "3600847a-db8f-9da0-5fdf-c30fd61a1271",
  "outputs": {},
  "resources": [
    {
      "mode": "managed",
      "type": "aws_eip",
      "name": "KCS-AWS-TF01",
      "provider": "provider[\"registry.terraform.io/hashicorp/aws\"]",
      "instances": [
        {
          "schema_version": 0,
          "attributes": {
            "allocation_id": null,
            "associate_with_private_ip": null,
            "association_id": "eipassoc-0f1204ff390a85680",
            "customer_owned_ip": "",
            "customer_owned_ipv4_pool": "",
            "domain": "vpc",
            "id": "eipalloc-0fd5f6e7d2d1924fa",
            "instance": "i-01fc155816e83d319",
            "network_interface": "eni-0b8dee8fe765b9055",
            "private_dns": "ip-10-0-205-195.us-east-2.compute.internal",
            "private_ip": "10.0.205.195",
            "public_dns": "ec2-3-136-44-180.us-east-2.compute.amazonaws.com",
            "public_ip": "3.136.44.180",
            "public_ipv4_pool": "amazon",
            "tags": {
              "Name": "KCS-AWS-TF-IP01"
            },
            "timeouts": null,
            "vpc": true
          },
          "private": "eyJlMmJmYjczMC1lY2FhLTExZTYtOGY4OC0zNDM2M2JjN2M0YzAiOnsiZGVsZXRlIjoxODAwMDAwMDAwMDAsInJlYWQiOjkwMDAwMDAwMDAwMCwidXBkYXRlIjozMDAwMDAwMDAwMDB9fQ==",
          "dependencies": [
            "aws_instance.KCS-AWS-TF01",
            "aws_internet_gateway.KCS-AWS-TF",
            "aws_security_group.KCS-AWS-TF-SG",
            "aws_subnet.KCS-AWS-TF",
            "aws_vpc.KCS-AWS-TF"
          ]
        }
      ]
    },
    {
      "mode": "managed",
      "type": "aws_eip",
      "name": "KCS-AWS-TF02",
      "provider": "provider[\"registry.terraform.io/hashicorp/aws\"]",
      "instances": [
        {
          "schema_version": 0,
          "attributes": {
            "allocation_id": null,
            "associate_with_private_ip": null,
            "association_id": "eipassoc-00c736b960e9c5ccb",
            "customer_owned_ip": "",
            "customer_owned_ipv4_pool": "",
            "domain": "vpc",
            "id": "eipalloc-0afd31582b5741144",
            "instance": "i-08354af5a7b844351",
            "network_interface": "eni-04e6c1a0335fcc1be",
            "private_dns": "ip-10-0-28-18.us-east-2.compute.internal",
            "private_ip": "10.0.28.18",
            "public_dns": "ec2-18-221-173-4.us-east-2.compute.amazonaws.com",
            "public_ip": "18.221.173.4",
            "public_ipv4_pool": "amazon",
            "tags": {
              "Name": "KCS-AWS-TF-IP02"
            },
            "timeouts": null,
            "vpc": true
          },
          "private": "eyJlMmJmYjczMC1lY2FhLTExZTYtOGY4OC0zNDM2M2JjN2M0YzAiOnsiZGVsZXRlIjoxODAwMDAwMDAwMDAsInJlYWQiOjkwMDAwMDAwMDAwMCwidXBkYXRlIjozMDAwMDAwMDAwMDB9fQ==",
          "dependencies": [
            "aws_instance.KCS-AWS-TF02",
            "aws_internet_gateway.KCS-AWS-TF",
            "aws_security_group.KCS-AWS-TF-SG",
            "aws_subnet.KCS-AWS-TF",
            "aws_vpc.KCS-AWS-TF"
          ]
        }
      ]
    },
    {
      "mode": "managed",
      "type": "aws_instance",
      "name": "KCS-AWS-TF01",
      "provider": "provider[\"registry.terraform.io/hashicorp/aws\"]",
      "instances": [
        {
          "schema_version": 1,
          "attributes": {
            "ami": "ami-0010d386b82bc06f0",
            "arn": "arn:aws:ec2:us-east-2:939607572184:instance/i-01fc155816e83d319",
            "associate_public_ip_address": true,
            "availability_zone": "us-east-2b",
            "cpu_core_count": 1,
            "cpu_threads_per_core": 1,
            "credit_specification": [
              {
                "cpu_credits": "standard"
              }
            ],
            "disable_api_termination": false,
            "ebs_block_device": [],
            "ebs_optimized": false,
            "ephemeral_block_device": [],
            "get_password_data": false,
            "hibernation": false,
            "host_id": null,
            "iam_instance_profile": "",
            "id": "i-01fc155816e83d319",
            "instance_initiated_shutdown_behavior": null,
            "instance_state": "running",
            "instance_type": "t2.nano",
            "ipv6_address_count": 0,
            "ipv6_addresses": [],
            "key_name": "KCS-AWS-TF-KeyPair",
            "metadata_options": [
              {
                "http_endpoint": "enabled",
                "http_put_response_hop_limit": 1,
                "http_tokens": "optional"
              }
            ],
            "monitoring": false,
            "network_interface": [],
            "outpost_arn": "",
            "password_data": "",
            "placement_group": "",
            "primary_network_interface_id": "eni-0b8dee8fe765b9055",
            "private_dns": "ip-10-0-205-195.us-east-2.compute.internal",
            "private_ip": "10.0.205.195",
            "public_dns": "ec2-13-59-16-217.us-east-2.compute.amazonaws.com",
            "public_ip": "13.59.16.217",
            "root_block_device": [
              {
                "delete_on_termination": true,
                "device_name": "/dev/sda1",
                "encrypted": false,
                "iops": 100,
                "kms_key_id": "",
                "volume_id": "vol-053997d7cbd69d955",
                "volume_size": 8,
                "volume_type": "gp2"
              }
            ],
            "secondary_private_ips": [],
            "security_groups": [],
            "source_dest_check": true,
            "subnet_id": "subnet-099a7e20a7762d6b5",
            "tags": {
              "Name": "KCS-AWS-TF01"
            },
            "tenancy": "default",
            "timeouts": null,
            "user_data": null,
            "user_data_base64": null,
            "volume_tags": {},
            "vpc_security_group_ids": [
              "sg-070ff24a3efbe0ea4"
            ]
          },
          "private": "eyJlMmJmYjczMC1lY2FhLTExZTYtOGY4OC0zNDM2M2JjN2M0YzAiOnsiY3JlYXRlIjo2MDAwMDAwMDAwMDAsImRlbGV0ZSI6MTIwMDAwMDAwMDAwMCwidXBkYXRlIjo2MDAwMDAwMDAwMDB9LCJzY2hlbWFfdmVyc2lvbiI6IjEifQ==",
          "dependencies": [
            "aws_internet_gateway.KCS-AWS-TF",
            "aws_security_group.KCS-AWS-TF-SG",
            "aws_subnet.KCS-AWS-TF",
            "aws_vpc.KCS-AWS-TF"
          ]
        }
      ]
    },
    {
      "mode": "managed",
      "type": "aws_instance",
      "name": "KCS-AWS-TF02",
      "provider": "provider[\"registry.terraform.io/hashicorp/aws\"]",
      "instances": [
        {
          "schema_version": 1,
          "attributes": {
            "ami": "ami-0010d386b82bc06f0",
            "arn": "arn:aws:ec2:us-east-2:939607572184:instance/i-08354af5a7b844351",
            "associate_public_ip_address": true,
            "availability_zone": "us-east-2b",
            "cpu_core_count": 1,
            "cpu_threads_per_core": 1,
            "credit_specification": [
              {
                "cpu_credits": "standard"
              }
            ],
            "disable_api_termination": false,
            "ebs_block_device": [],
            "ebs_optimized": false,
            "ephemeral_block_device": [],
            "get_password_data": false,
            "hibernation": false,
            "host_id": null,
            "iam_instance_profile": "",
            "id": "i-08354af5a7b844351",
            "instance_initiated_shutdown_behavior": null,
            "instance_state": "running",
            "instance_type": "t2.nano",
            "ipv6_address_count": 0,
            "ipv6_addresses": [],
            "key_name": "KCS-AWS-TF-KeyPair",
            "metadata_options": [
              {
                "http_endpoint": "enabled",
                "http_put_response_hop_limit": 1,
                "http_tokens": "optional"
              }
            ],
            "monitoring": false,
            "network_interface": [],
            "outpost_arn": "",
            "password_data": "",
            "placement_group": "",
            "primary_network_interface_id": "eni-04e6c1a0335fcc1be",
            "private_dns": "ip-10-0-28-18.us-east-2.compute.internal",
            "private_ip": "10.0.28.18",
            "public_dns": "ec2-3-134-252-17.us-east-2.compute.amazonaws.com",
            "public_ip": "3.134.252.17",
            "root_block_device": [
              {
                "delete_on_termination": true,
                "device_name": "/dev/sda1",
                "encrypted": false,
                "iops": 100,
                "kms_key_id": "",
                "volume_id": "vol-0a7e92a3876d083d4",
                "volume_size": 8,
                "volume_type": "gp2"
              }
            ],
            "secondary_private_ips": [],
            "security_groups": [],
            "source_dest_check": true,
            "subnet_id": "subnet-099a7e20a7762d6b5",
            "tags": {
              "Name": "KCS-AWS-TF02"
            },
            "tenancy": "default",
            "timeouts": null,
            "user_data": null,
            "user_data_base64": null,
            "volume_tags": {},
            "vpc_security_group_ids": [
              "sg-070ff24a3efbe0ea4"
            ]
          },
          "private": "eyJlMmJmYjczMC1lY2FhLTExZTYtOGY4OC0zNDM2M2JjN2M0YzAiOnsiY3JlYXRlIjo2MDAwMDAwMDAwMDAsImRlbGV0ZSI6MTIwMDAwMDAwMDAwMCwidXBkYXRlIjo2MDAwMDAwMDAwMDB9LCJzY2hlbWFfdmVyc2lvbiI6IjEifQ==",
          "dependencies": [
            "aws_internet_gateway.KCS-AWS-TF",
            "aws_security_group.KCS-AWS-TF-SG",
            "aws_subnet.KCS-AWS-TF",
            "aws_vpc.KCS-AWS-TF"
          ]
        }
      ]
    },
    {
      "mode": "managed",
      "type": "aws_internet_gateway",
      "name": "KCS-AWS-TF",
      "provider": "provider[\"registry.terraform.io/hashicorp/aws\"]",
      "instances": [
        {
          "schema_version": 0,
          "attributes": {
            "arn": "arn:aws:ec2:us-east-2:939607572184:internet-gateway/igw-00e39ea07903af40e",
            "id": "igw-00e39ea07903af40e",
            "owner_id": "939607572184",
            "tags": {
              "Name": "KCS-AWS-TF"
            },
            "vpc_id": "vpc-0d96629091e86780c"
          },
          "private": "bnVsbA==",
          "dependencies": [
            "aws_vpc.KCS-AWS-TF"
          ]
        }
      ]
    },
    {
      "mode": "managed",
      "type": "aws_key_pair",
      "name": "KCS-AWS-TF-KeyPair",
      "provider": "provider[\"registry.terraform.io/hashicorp/aws\"]",
      "instances": [
        {
          "schema_version": 1,
          "attributes": {
            "arn": "arn:aws:ec2:us-east-2:939607572184:key-pair/KCS-AWS-TF-KeyPair",
            "fingerprint": "98:eb:53:d5:e2:35:5a:79:50:70:96:cc:c8:1c:2a:c6",
            "id": "KCS-AWS-TF-KeyPair",
            "key_name": "KCS-AWS-TF-KeyPair",
            "key_name_prefix": null,
            "key_pair_id": "key-00c6d16643e688a2e",
            "public_key": "ssh-rsa AAAAB3NzaC1yc2EAAAADAQABAAABAQDcc5N7Yt8RcEbzWQTPb/lCeMJfL4u/Iq04fKbmFergZGLMbjIIhLMhhPNMN13TmQ7ChXjrqpmeFPRYuUl4WhmdgcGfL+MRvyoG+lEoKKa1LqHCzUEogNqpAYgLwy36OT0ebu41a5JyvKsJTupWx3mHtClzn5uFBJ2v0dVHNqIpushrWN0DX/yHjJUNf6zAldmk6JZ8eKS6RTOZi+7brJ19wQ7ojgraD2rQbU8eUD6g5w+nT3vn655/v/eNV288GqdV3XZ6K9R2eFDtMe+2mb0NjJETnlcuJmWKP13tMTrjYV5RtWXOoK+Y2Wmw21JKLKDhKnPGP8fpngUOQ2qfiVPX ubuntu@DESKTOP-4RFREOA",
            "tags": null
          },
          "private": "eyJzY2hlbWFfdmVyc2lvbiI6IjEifQ=="
        }
      ]
    },
    {
      "mode": "managed",
      "type": "aws_route_table",
      "name": "KCS-AWS-TF",
      "provider": "provider[\"registry.terraform.io/hashicorp/aws\"]",
      "instances": [
        {
          "schema_version": 0,
          "attributes": {
            "id": "rtb-091f719f5ed09742e",
            "owner_id": "939607572184",
            "propagating_vgws": [],
            "route": [
              {
                "cidr_block": "0.0.0.0/0",
                "egress_only_gateway_id": "",
                "gateway_id": "igw-00e39ea07903af40e",
                "instance_id": "",
                "ipv6_cidr_block": "",
                "local_gateway_id": "",
                "nat_gateway_id": "",
                "network_interface_id": "",
                "transit_gateway_id": "",
                "vpc_peering_connection_id": ""
              }
            ],
            "tags": {
              "Name": "KCS-AWS-TF"
            },
            "vpc_id": "vpc-0d96629091e86780c"
          },
          "private": "bnVsbA==",
          "dependencies": [
            "aws_internet_gateway.KCS-AWS-TF",
            "aws_vpc.KCS-AWS-TF"
          ]
        }
      ]
    },
    {
      "mode": "managed",
      "type": "aws_route_table_association",
      "name": "subnet-association",
      "provider": "provider[\"registry.terraform.io/hashicorp/aws\"]",
      "instances": [
        {
          "schema_version": 0,
          "attributes": {
            "gateway_id": null,
            "id": "rtbassoc-0260d0fce0b988b0b",
            "route_table_id": "rtb-091f719f5ed09742e",
            "subnet_id": "subnet-099a7e20a7762d6b5"
          },
          "private": "bnVsbA==",
          "dependencies": [
            "aws_internet_gateway.KCS-AWS-TF",
            "aws_route_table.KCS-AWS-TF",
            "aws_subnet.KCS-AWS-TF",
            "aws_vpc.KCS-AWS-TF"
          ]
        }
      ]
    },
    {
      "mode": "managed",
      "type": "aws_security_group",
      "name": "KCS-AWS-TF-SG",
      "provider": "provider[\"registry.terraform.io/hashicorp/aws\"]",
      "instances": [
        {
          "schema_version": 1,
          "attributes": {
            "arn": "arn:aws:ec2:us-east-2:939607572184:security-group/sg-070ff24a3efbe0ea4",
            "description": "Allow TLS inbound traffic",
            "egress": [
              {
                "cidr_blocks": [
                  "0.0.0.0/0"
                ],
                "description": "",
                "from_port": 0,
                "ipv6_cidr_blocks": [],
                "prefix_list_ids": [],
                "protocol": "-1",
                "security_groups": [],
                "self": false,
                "to_port": 0
              }
            ],
            "id": "sg-070ff24a3efbe0ea4",
            "ingress": [
              {
                "cidr_blocks": [
                  "0.0.0.0/0"
                ],
                "description": "TLS from VPC",
                "from_port": 22,
                "ipv6_cidr_blocks": [],
                "prefix_list_ids": [],
                "protocol": "tcp",
                "security_groups": [],
                "self": false,
                "to_port": 22
              }
            ],
            "name": "KCS-AWS-TF-SG",
            "name_prefix": "",
            "owner_id": "939607572184",
            "revoke_rules_on_delete": false,
            "tags": {
              "Name": "KCS-AWS-TF-SG"
            },
            "timeouts": null,
            "vpc_id": "vpc-0d96629091e86780c"
          },
          "private": "eyJlMmJmYjczMC1lY2FhLTExZTYtOGY4OC0zNDM2M2JjN2M0YzAiOnsiY3JlYXRlIjo2MDAwMDAwMDAwMDAsImRlbGV0ZSI6NjAwMDAwMDAwMDAwfSwic2NoZW1hX3ZlcnNpb24iOiIxIn0=",
          "dependencies": [
            "aws_vpc.KCS-AWS-TF"
          ]
        }
      ]
    },
    {
      "mode": "managed",
      "type": "aws_subnet",
      "name": "KCS-AWS-TF",
      "provider": "provider[\"registry.terraform.io/hashicorp/aws\"]",
      "instances": [
        {
          "schema_version": 1,
          "attributes": {
            "arn": "arn:aws:ec2:us-east-2:939607572184:subnet/subnet-099a7e20a7762d6b5",
            "assign_ipv6_address_on_creation": false,
            "availability_zone": "us-east-2b",
            "availability_zone_id": "use2-az2",
            "cidr_block": "10.0.0.0/16",
            "id": "subnet-099a7e20a7762d6b5",
            "ipv6_cidr_block": "",
            "ipv6_cidr_block_association_id": "",
            "map_public_ip_on_launch": true,
            "outpost_arn": "",
            "owner_id": "939607572184",
            "tags": {
              "Name": "KCS-AWS-TF"
            },
            "timeouts": null,
            "vpc_id": "vpc-0d96629091e86780c"
          },
          "private": "eyJlMmJmYjczMC1lY2FhLTExZTYtOGY4OC0zNDM2M2JjN2M0YzAiOnsiY3JlYXRlIjo2MDAwMDAwMDAwMDAsImRlbGV0ZSI6MTIwMDAwMDAwMDAwMH0sInNjaGVtYV92ZXJzaW9uIjoiMSJ9",
          "dependencies": [
            "aws_internet_gateway.KCS-AWS-TF",
            "aws_vpc.KCS-AWS-TF"
          ]
        }
      ]
    },
    {
      "mode": "managed",
      "type": "aws_vpc",
      "name": "KCS-AWS-TF",
      "provider": "provider[\"registry.terraform.io/hashicorp/aws\"]",
      "instances": [
        {
          "schema_version": 1,
          "attributes": {
            "arn": "arn:aws:ec2:us-east-2:939607572184:vpc/vpc-0d96629091e86780c",
            "assign_generated_ipv6_cidr_block": false,
            "cidr_block": "10.0.0.0/16",
            "default_network_acl_id": "acl-07c678a788be9e06b",
            "default_route_table_id": "rtb-052ec8cb83e38168f",
            "default_security_group_id": "sg-0e04f5592462d86bf",
            "dhcp_options_id": "dopt-0fb94b66",
            "enable_classiclink": null,
            "enable_classiclink_dns_support": null,
            "enable_dns_hostnames": true,
            "enable_dns_support": true,
            "id": "vpc-0d96629091e86780c",
            "instance_tenancy": "default",
            "ipv6_association_id": "",
            "ipv6_cidr_block": "",
            "main_route_table_id": "rtb-052ec8cb83e38168f",
            "owner_id": "939607572184",
            "tags": {
              "Name": "KCS-AWS-TF"
            }
          },
          "private": "eyJzY2hlbWFfdmVyc2lvbiI6IjEifQ=="
        }
      ]
    }
  ]
}
